{
  "name": "@freshmart/shared",
  "version": "1.0.0",
  "lockfileVersion": 3,
  "requires": true,
  "packages": {
    "": {
      "name": "@freshmart/shared",
      "version": "1.0.0",
      "dependencies": {
        "@aws-sdk/client-dynamodb": "^3.1076.0",
        "@aws-sdk/client-eventbridge": "^3.1076.0",
        "@aws-sdk/client-s3": "^3.1076.0",
        "@aws-sdk/client-sns": "^3.1076.0",
        "@aws-sdk/client-sqs": "^3.1076.0",
        "@aws-sdk/lib-dynamodb": "^3.1076.0",
        "@aws-sdk/s3-request-presigner": "^3.1076.0",
        "dotenv": "^16.4.5",
        "joi": "^17.13.3",
        "uuid": "^11.1.1",
        "winston": "^3.13.1"
      },
      "engines": {
        "node": ">=18.x"
      }
    },
    "node_modules/@aws-sdk/checksums": {
      "version": "3.1000.10",
      "resolved": "https://registry.npmjs.org/@aws-sdk/checksums/-/checksums-3.1000.10.tgz",
      "integrity": "sha512-OUNjNcyA8Ai2OdlRUxW5jHUf6XJmqqZk3UddL+mDiUCtXrVqdmIHHkdDFWBlBRjhore/3ZBMgRXgcS0ggtvD0Q==",
      "license": "Apache-2.0",
      "dependencies": {
        "@aws-sdk/core": "^3.974.25",
        "@aws-sdk/types": "^3.973.14",
        "@smithy/core": "^3.28.0",
        "@smithy/types": "^4.15.0",
        "tslib": "^2.6.2"
      },
      "engines": {
        "node": ">=20.0.0"
      }
    },
    "node_modules/@aws-sdk/client-dynamodb": {
      "version": "3.1077.0",
      "resolved": "https://registry.npmjs.org/@aws-sdk/client-dynamodb/-/client-dynamodb-3.1077.0.tgz",
      "integrity": "sha512-ekrGdih4Yklq5mgDwLatRuJtiMm32ERjhoCpH59qGzvq0DsWN1NopTjdwwSNxdM6WfkXBxrTDwZ5sjXm4MwWRA==",
      "license": "Apache-2.0",
      "dependencies": {
        "@aws-sdk/core": "^3.974.25",
        "@aws-sdk/credential-provider-node": "^3.972.60",
        "@aws-sdk/dynamodb-codec": "^3.973.25",
        "@aws-sdk/middleware-endpoint-discovery": "^3.972.21",
        "@aws-sdk/types": "^3.973.14",
        "@smithy/core": "^3.28.0",
        "@smithy/fetch-http-handler": "^5.6.1",
        "@smithy/node-http-handler": "^4.9.1",
        "@smithy/types": "^4.15.0",
        "tslib": "^2.6.2"
      },
      "engines": {
        "node": ">=20.0.0"
      }
    },
    "node_modules/@aws-sdk/client-eventbridge": {
      "version": "3.1077.0",
      "resolved": "https://registry.npmjs.org/@aws-sdk/client-eventbridge/-/client-eventbridge-3.1077.0.tgz",
      "integrity": "sha512-oTQXkcFDanUKlwCKUucujR3dpPwGkTsTCHqCfN4+hi7FQ9dz8CIZvWXyKTDtRpkA8TnOsm/fS+bV3sjCBIpioQ==",
      "license": "Apache-2.0",
      "dependencies": {
        "@aws-sdk/core": "^3.974.25",
        "@aws-sdk/credential-provider-node": "^3.972.60",
        "@aws-sdk/signature-v4-multi-region": "^3.996.37",
        "@aws-sdk/types": "^3.973.14",
        "@smithy/core": "^3.28.0",
        "@smithy/fetch-http-handler": "^5.6.1",
        "@smithy/node-http-handler": "^4.9.1",
        "@smithy/types": "^4.15.0",
        "tslib": "^2.6.2"
      },
      "engines": {
        "node": ">=20.0.0"
      }
    },
    "node_modules/@aws-sdk/client-s3": {
      "version": "3.1077.0",
      "resolved": "https://registry.npmjs.org/@aws-sdk/client-s3/-/client-s3-3.1077.0.tgz",
      "integrity": "sha512-yWK6jOMrMUgGarXlrQaAopWXva20NaOqTPApuE68SzsBFQ57fQ5E13BKUPLwtPgymk+8L6vG/O4h7Q30IBYr2w==",
      "license": "Apache-2.0",
      "dependencies": {
        "@aws-sdk/checksums": "^3.1000.10",
        "@aws-sdk/core": "^3.974.25",
        "@aws-sdk/credential-provider-node": "^3.972.60",
        "@aws-sdk/middleware-sdk-s3": "^3.972.56",
        "@aws-sdk/signature-v4-multi-region": "^3.996.37",
        "@aws-sdk/types": "^3.973.14",
        "@smithy/core": "^3.28.0",
        "@smithy/fetch-http-handler": "^5.6.1",
        "@smithy/node-http-handler": "^4.9.1",
        "@smithy/types": "^4.15.0",
        "tslib": "^2.6.2"
      },
      "engines": {
        "node": ">=20.0.0"
      }
    },
    "node_modules/@aws-sdk/client-sns": {
      "version": "3.1077.0",
      "resolved": "https://registry.npmjs.org/@aws-sdk/client-sns/-/client-sns-3.1077.0.tgz",
      "integrity": "sha512-ut4R3R6SAWKlmzv6+62tBjq/R7oRv7mb22gHsXunhHSvM8TRENDrHHS9JaKIk1j29Yf91O0PHrB4EsCAY1YroA==",
      "license": "Apache-2.0",
      "dependencies": {
        "@aws-sdk/core": "^3.974.25",
        "@aws-sdk/credential-provider-node": "^3.972.60",
        "@aws-sdk/types": "^3.973.14",
        "@smithy/core": "^3.28.0",
        "@smithy/fetch-http-handler": "^5.6.1",
        "@smithy/node-http-handler": "^4.9.1",
        "@smithy/types": "^4.15.0",
        "tslib": "^2.6.2"
      },
      "engines": {
        "node": ">=20.0.0"
      }
    },
    "node_modules/@aws-sdk/client-sqs": {
      "version": "3.1077.0",
      "resolved": "https://registry.npmjs.org/@aws-sdk/client-sqs/-/client-sqs-3.1077.0.tgz",
      "integrity": "sha512-0Va2lVrbM34lFxRmHu8DQKW8lQ5kdZKC4MxgNIvsC7s/FReOtVMzDFqQw/U6HL72NdLe045zhXxu44cTVoivBA==",
      "license": "Apache-2.0",
      "dependencies": {
        "@aws-sdk/core": "^3.974.25",
        "@aws-sdk/credential-provider-node": "^3.972.60",
        "@aws-sdk/middleware-sdk-sqs": "^3.972.33",
        "@aws-sdk/types": "^3.973.14",
        "@smithy/core": "^3.28.0",
        "@smithy/fetch-http-handler": "^5.6.1",
        "@smithy/node-http-handler": "^4.9.1",
        "@smithy/types": "^4.15.0",
        "tslib": "^2.6.2"
      },
      "engines": {
        "node": ">=20.0.0"
      }
    },
    "node_modules/@aws-sdk/core": {
      "version": "3.974.25",
      "resolved": "https://registry.npmjs.org/@aws-sdk/core/-/core-3.974.25.tgz",
      "integrity": "sha512-fJFkx6u6wCqGMV/v6EAxiwa2UzEukbvr1hNPv4MrD3yj4IFz011jZg42/eSTOP/u5kJ0tlILqEjCWtT8GiKZvA==",
      "license": "Apache-2.0",
      "dependencies": {
        "@aws-sdk/types": "^3.973.14",
        "@aws-sdk/xml-builder": "^3.972.32",
        "@aws/lambda-invoke-store": "^0.2.2",
        "@smithy/core": "^3.28.0",
        "@smithy/signature-v4": "^5.6.0",
        "@smithy/types": "^4.15.0",
        "bowser": "^2.11.0",
        "tslib": "^2.6.2"
      },
      "engines": {
        "node": ">=20.0.0"
      }
    },
    "node_modules/@aws-sdk/credential-provider-env": {
      "version": "3.972.51",
      "resolved": "https://registry.npmjs.org/@aws-sdk/credential-provider-env/-/credential-provider-env-3.972.51.tgz",
      "integrity": "sha512-Xo+/zf5k5pZdo53X8aVXN4MJGfU/M1P7yMM/GbNY/x9fyRZGEzjhKqW38GA0FSQQ9TYKs+bfPyz5ja4bi6pjTQ==",
      "license": "Apache-2.0",
      "dependencies": {
        "@aws-sdk/core": "^3.974.25",
        "@aws-sdk/types": "^3.973.14",
        "@smithy/core": "^3.28.0",
        "@smithy/types": "^4.15.0",
        "tslib": "^2.6.2"
      },
      "engines": {
        "node": ">=20.0.0"
      }
    },
    "node_modules/@aws-sdk/credential-provider-http": {
      "version": "3.972.53",
      "resolved": "https://registry.npmjs.org/@aws-sdk/credential-provider-http/-/credential-provider-http-3.972.53.tgz",
      "integrity": "sha512-7E9oFUcf9YWe+ttGiWhe/cCSI+pswwelzgQMoKXgPJi1AIfS27TK6et5ZULqEqHu30zbN+jh1RqlwcXqY/aXyg==",
      "license": "Apache-2.0",
      "dependencies": {
        "@aws-sdk/core": "^3.974.25",
        "@aws-sdk/types": "^3.973.14",
        "@smithy/core": "^3.28.0",
        "@smithy/fetch-http-handler": "^5.6.1",
        "@smithy/node-http-handler": "^4.9.1",
        "@smithy/types": "^4.15.0",
        "tslib": "^2.6.2"
      },
      "engines": {
        "node": ">=20.0.0"
      }
    },
    "node_modules/@aws-sdk/credential-provider-ini": {
      "version": "3.972.58",
      "resolved": "https://registry.npmjs.org/@aws-sdk/credential-provider-ini/-/credential-provider-ini-3.972.58.tgz",
      "integrity": "sha512-MPr0hD8pyDGfF3dWXvFOILhcKTB9ptqJOJK9JEuDQzpc2HgKisY16eR7IrKUXxSbz8LZj+LHz/CS8Y5G1ai7yw==",
      "license": "Apache-2.0",
      "dependencies": {
        "@aws-sdk/core": "^3.974.25",
        "@aws-sdk/credential-provider-env": "^3.972.51",
        "@aws-sdk/credential-provider-http": "^3.972.53",
        "@aws-sdk/credential-provider-login": "^3.972.57",
        "@aws-sdk/credential-provider-process": "^3.972.51",
        "@aws-sdk/credential-provider-sso": "^3.972.57",
        "@aws-sdk/credential-provider-web-identity": "^3.972.57",
        "@aws-sdk/nested-clients": "^3.997.25",
        "@aws-sdk/types": "^3.973.14",
        "@smithy/core": "^3.28.0",
        "@smithy/credential-provider-imds": "^4.4.4",
        "@smithy/types": "^4.15.0",
        "tslib": "^2.6.2"
      },
      "engines": {
        "node": ">=20.0.0"
      }
    },
    "node_modules/@aws-sdk/credential-provider-login": {
      "version": "3.972.57",
      "resolved": "https://registry.npmjs.org/@aws-sdk/credential-provider-login/-/credential-provider-login-3.972.57.tgz",
      "integrity": "sha512-kPWc/SCrl9agKeywxKwPEoQHanWag0LcNQrcZpEQpjNifkxq6tQENhgrrS9al317CF6yytyihlX+FhPHlk0QjA==",
      "license": "Apache-2.0",
      "dependencies": {
        "@aws-sdk/core": "^3.974.25",
        "@aws-sdk/nested-clients": "^3.997.25",
        "@aws-sdk/types": "^3.973.14",
        "@smithy/core": "^3.28.0",
        "@smithy/types": "^4.15.0",
        "tslib": "^2.6.2"
      },
      "engines": {
        "node": ">=20.0.0"
      }
    },
    "node_modules/@aws-sdk/credential-provider-node": {
      "version": "3.972.60",
      "resolved": "https://registry.npmjs.org/@aws-sdk/credential-provider-node/-/credential-provider-node-3.972.60.tgz",
      "integrity": "sha512-hE2hIBJQjCDRx8TbSqpVQ+/o2mIrJZQZbQ3LlwE2bJf7z47x5GmhcvGwZPqJH7Oq//SzTXEBGSZ4qSpK3yPbhw==",
      "license": "Apache-2.0",
      "dependencies": {
        "@aws-sdk/credential-provider-env": "^3.972.51",
        "@aws-sdk/credential-provider-http": "^3.972.53",
        "@aws-sdk/credential-provider-ini": "^3.972.58",
        "@aws-sdk/credential-provider-process": "^3.972.51",
        "@aws-sdk/credential-provider-sso": "^3.972.57",
        "@aws-sdk/credential-provider-web-identity": "^3.972.57",
        "@aws-sdk/types": "^3.973.14",
        "@smithy/core": "^3.28.0",
        "@smithy/credential-provider-imds": "^4.4.4",
        "@smithy/types": "^4.15.0",
        "tslib": "^2.6.2"
      },
      "engines": {
        "node": ">=20.0.0"
      }
    },
    "node_modules/@aws-sdk/credential-provider-process": {
      "version": "3.972.51",
      "resolved": "https://registry.npmjs.org/@aws-sdk/credential-provider-process/-/credential-provider-process-3.972.51.tgz",
      "integrity": "sha512-081dD2RlnmY+G05v6E73KfACvDjPjnttrLjGHE2SSglbID25UcuijbWpL4g+XR5T2Kl4oIJoVBXi64s+2f009Q==",
      "license": "Apache-2.0",
      "dependencies": {
        "@aws-sdk/core": "^3.974.25",
        "@aws-sdk/types": "^3.973.14",
        "@smithy/core": "^3.28.0",
        "@smithy/types": "^4.15.0",
        "tslib": "^2.6.2"
      },
      "engines": {
        "node": ">=20.0.0"
      }
    },
    "node_modules/@aws-sdk/credential-provider-sso": {
      "version": "3.972.57",
      "resolved": "https://registry.npmjs.org/@aws-sdk/credential-provider-sso/-/credential-provider-sso-3.972.57.tgz",
      "integrity": "sha512-dC7ZyX3EHKHLOeVUEDzzGvk0L1s6N06YDrau7P0rGXL/j1cO+DzN2w1x9vcEh7zljVCR3019f5mi1Th+GGTURw==",
      "license": "Apache-2.0",
      "dependencies": {
        "@aws-sdk/core": "^3.974.25",
        "@aws-sdk/nested-clients": "^3.997.25",
        "@aws-sdk/token-providers": "3.1077.0",
        "@aws-sdk/types": "^3.973.14",
        "@smithy/core": "^3.28.0",
        "@smithy/types": "^4.15.0",
        "tslib": "^2.6.2"
      },
      "engines": {
        "node": ">=20.0.0"
      }
    },
    "node_modules/@aws-sdk/credential-provider-web-identity": {
      "version": "3.972.57",
      "resolved": "https://registry.npmjs.org/@aws-sdk/credential-provider-web-identity/-/credential-provider-web-identity-3.972.57.tgz",
      "integrity": "sha512-HtWM3FV2o7NJFJSUqFLBlxmV9RxQRHpzCvQaP1n1Qo4CxQSvwpJ8ERWHiLqXMFDgDXyELt+EZNFcpG6XQRcJbQ==",
      "license": "Apache-2.0",
      "dependencies": {
        "@aws-sdk/core": "^3.974.25",
        "@aws-sdk/nested-clients": "^3.997.25",
        "@aws-sdk/types": "^3.973.14",
        "@smithy/core": "^3.28.0",
        "@smithy/types": "^4.15.0",
        "tslib": "^2.6.2"
      },
      "engines": {
        "node": ">=20.0.0"
      }
    },
    "node_modules/@aws-sdk/dynamodb-codec": {
      "version": "3.973.25",
      "resolved": "https://registry.npmjs.org/@aws-sdk/dynamodb-codec/-/dynamodb-codec-3.973.25.tgz",
      "integrity": "sha512-4JzlsPxm8e/haqlzGEOmj/k0dVi65tkcLM+jLBkEhjG2+858hsXYyP/seBuq850FZ+XY1v0cp56C8m4pKu/Mrg==",
      "license": "Apache-2.0",
      "dependencies": {
        "@aws-sdk/core": "^3.974.25",
        "@smithy/core": "^3.28.0",
        "@smithy/types": "^4.15.0",
        "tslib": "^2.6.2"
      },
      "engines": {
        "node": ">=20.0.0"
      }
    },
    "node_modules/@aws-sdk/endpoint-cache": {
      "version": "3.972.8",
      "resolved": "https://registry.npmjs.org/@aws-sdk/endpoint-cache/-/endpoint-cache-3.972.8.tgz",
      "integrity": "sha512-bBmkG0Dnhfq0/T4Z0PpUr7HkncBVaWvvCbvafeaUM+yC9wa8GGjLJmonq0QL17REB9WivgGeYgWQ5A80Uw5UnQ==",
      "license": "Apache-2.0",
      "dependencies": {
        "mnemonist": "0.38.3",
        "tslib": "^2.6.2"
      },
      "engines": {
        "node": ">=20.0.0"
      }
    },
    "node_modules/@aws-sdk/lib-dynamodb": {
      "version": "3.1077.0",
      "resolved": "https://registry.npmjs.org/@aws-sdk/lib-dynamodb/-/lib-dynamodb-3.1077.0.tgz",
      "integrity": "sha512-LXldOcXGuRnmwTxNblmyNjGWDenK31tL8YBbMKTF0wR/xPUeiE7XAAS5q3J4vShLVom/zQlgpG72WDgwTu6mpQ==",
      "license": "Apache-2.0",
      "dependencies": {
        "@aws-sdk/core": "^3.974.25",
        "@aws-sdk/util-dynamodb": "^3.996.5",
        "@smithy/core": "^3.28.0",
        "@smithy/types": "^4.15.0",
        "tslib": "^2.6.2"
      },
      "engines": {
        "node": ">=20.0.0"
      },
      "peerDependencies": {
        "@aws-sdk/client-dynamodb": "^3.1077.0"
      }
    },
    "node_modules/@aws-sdk/middleware-endpoint-discovery": {
      "version": "3.972.21",
      "resolved": "https://registry.npmjs.org/@aws-sdk/middleware-endpoint-discovery/-/middleware-endpoint-discovery-3.972.21.tgz",
      "integrity": "sha512-MCtOtk3rGtdSz4ie6JL/8vgAMlQFf32t+SqkxqQ/3DKq390cJCQ/oUA7EMLnbHBjOo8Hq1Nmazu7x8ItpArFgg==",
      "license": "Apache-2.0",
      "dependencies": {
        "@aws-sdk/endpoint-cache": "^3.972.8",
        "@aws-sdk/types": "^3.973.14",
        "@smithy/core": "^3.28.0",
        "@smithy/types": "^4.15.0",
        "tslib": "^2.6.2"
      },
      "engines": {
        "node": ">=20.0.0"
      }
    },
    "node_modules/@aws-sdk/middleware-sdk-s3": {
      "version": "3.972.56",
      "resolved": "https://registry.npmjs.org/@aws-sdk/middleware-sdk-s3/-/middleware-sdk-s3-3.972.56.tgz",
      "integrity": "sha512-VFLd7bT8ef48H2n2iDrY/w9EPpXLmC0v4NEriXy2vuTgEP/FrKqrcwi7eobhcOrdO37uLbMt5AWZlY55R2/xqg==",
      "license": "Apache-2.0",
      "dependencies": {
        "@aws-sdk/core": "^3.974.25",
        "@aws-sdk/signature-v4-multi-region": "^3.996.37",
        "@aws-sdk/types": "^3.973.14",
        "@smithy/core": "^3.28.0",
        "@smithy/types": "^4.15.0",
        "tslib": "^2.6.2"
      },
      "engines": {
        "node": ">=20.0.0"
      }
    },
    "node_modules/@aws-sdk/middleware-sdk-sqs": {
      "version": "3.972.33",
      "resolved": "https://registry.npmjs.org/@aws-sdk/middleware-sdk-sqs/-/middleware-sdk-sqs-3.972.33.tgz",
      "integrity": "sha512-yur6Whcp2Br6w+AwOpOmeuglu6nArNUy7F0eQyuJ+HV8VMVPRE2av81vK7hLLw1kF/ww5xnnNuyAvtWnSr7mEw==",
      "license": "Apache-2.0",
      "dependencies": {
        "@aws-sdk/types": "^3.973.14",
        "@smithy/core": "^3.28.0",
        "@smithy/types": "^4.15.0",
        "tslib": "^2.6.2"
      },
      "engines": {
        "node": ">=20.0.0"
      }
    },
    "node_modules/@aws-sdk/nested-clients": {
      "version": "3.997.25",
      "resolved": "https://registry.npmjs.org/@aws-sdk/nested-clients/-/nested-clients-3.997.25.tgz",
      "integrity": "sha512-VpRQ3wR6l+fwRHV5veJL2ehtyQFrGyH/2CJG9DVtb8H3xyqqnZWSTSrq/CJJ7DvDlDgrPRiW2SkYA8pN6VWCFQ==",
      "license": "Apache-2.0",
      "dependencies": {
        "@aws-sdk/core": "^3.974.25",
        "@aws-sdk/signature-v4-multi-region": "^3.996.37",
        "@aws-sdk/types": "^3.973.14",
        "@smithy/core": "^3.28.0",
        "@smithy/fetch-http-handler": "^5.6.1",
        "@smithy/node-http-handler": "^4.9.1",
        "@smithy/types": "^4.15.0",
        "tslib": "^2.6.2"
      },
      "engines": {
        "node": ">=20.0.0"
      }
    },
    "node_modules/@aws-sdk/s3-request-presigner": {
      "version": "3.1077.0",
      "resolved": "https://registry.npmjs.org/@aws-sdk/s3-request-presigner/-/s3-request-presigner-3.1077.0.tgz",
      "integrity": "sha512-gmj0nvnnuLDvXHekQNCTljcp/0XrQ1Mi6EpFYv6TF/u9oa4PugIhO5BpIDoKf4qvaQuOX+71E8KMkn9GS75dPw==",
      "license": "Apache-2.0",
      "dependencies": {
        "@aws-sdk/core": "^3.974.25",
        "@aws-sdk/signature-v4-multi-region": "^3.996.37",
        "@aws-sdk/types": "^3.973.14",
        "@smithy/core": "^3.28.0",
        "@smithy/types": "^4.15.0",
        "tslib": "^2.6.2"
      },
      "engines": {
        "node": ">=20.0.0"
      }
    },
    "node_modules/@aws-sdk/signature-v4-multi-region": {
      "version": "3.996.37",
      "resolved": "https://registry.npmjs.org/@aws-sdk/signature-v4-multi-region/-/signature-v4-multi-region-3.996.37.tgz",
      "integrity": "sha512-u8qd064XsHzM0Mk+yH4IPKn/ZC9rdniEKs+neBHNlsPZirw3rcLvmrH4ImoKC4yF7A0I/MbcC3dseARnJLiAhg==",
      "license": "Apache-2.0",
      "dependencies": {
        "@aws-sdk/types": "^3.973.14",
        "@smithy/signature-v4": "^5.6.0",
        "@smithy/types": "^4.15.0",
        "tslib": "^2.6.2"
      },
      "engines": {
        "node": ">=20.0.0"
      }
    },
    "node_modules/@aws-sdk/token-providers": {
      "version": "3.1077.0",
      "resolved": "https://registry.npmjs.org/@aws-sdk/token-providers/-/token-providers-3.1077.0.tgz",
      "integrity": "sha512-sRUkfZ3fpOco95jZHsQUQiXvuIVLvCmWVclFg6dRFDyfsYs6Pdr/NuZ2+yJxeHN+6WAfDh2aZ8nlZntnvuhZUQ==",
      "license": "Apache-2.0",
      "dependencies": {
        "@aws-sdk/core": "^3.974.25",
        "@aws-sdk/nested-clients": "^3.997.25",
        "@aws-sdk/types": "^3.973.14",
        "@smithy/core": "^3.28.0",
        "@smithy/types": "^4.15.0",
        "tslib": "^2.6.2"
      },
      "engines": {
        "node": ">=20.0.0"
      }
    },
    "node_modules/@aws-sdk/types": {
      "version": "3.973.14",
      "resolved": "https://registry.npmjs.org/@aws-sdk/types/-/types-3.973.14.tgz",
      "integrity": "sha512-vH4pEu9YBEwr67yT+GVcmKX0GzfIrIYUn+MF5vXg9OspouVnAekuyVyawFvZHEK7WlcwVDwNrqI3ZBDUAiyu9A==",
      "license": "Apache-2.0",
      "dependencies": {
        "@smithy/types": "^4.15.0",
        "tslib": "^2.6.2"
      },
      "engines": {
        "node": ">=20.0.0"
      }
    },
    "node_modules/@aws-sdk/util-dynamodb": {
      "version": "3.996.5",
      "resolved": "https://registry.npmjs.org/@aws-sdk/util-dynamodb/-/util-dynamodb-3.996.5.tgz",
      "integrity": "sha512-m9bdmYq3WtbMHAKGALw9XWiMBfKu5T8ukgdJT7Mc/d2oOwDGNFmhsnnkQ18xomoXo/ZHxAuIDi3Y6slsblW1Mg==",
      "license": "Apache-2.0",
      "dependencies": {
        "tslib": "^2.6.2"
      },
      "engines": {
        "node": ">=20.0.0"
      },
      "peerDependencies": {
        "@aws-sdk/client-dynamodb": "^3.1069.0"
      }
    },
    "node_modules/@aws-sdk/xml-builder": {
      "version": "3.972.32",
      "resolved": "https://registry.npmjs.org/@aws-sdk/xml-builder/-/xml-builder-3.972.32.tgz",
      "integrity": "sha512-2loKuOMRFDg1nwdni5AtJ9S5juVbRNPNsPC7tWTfkHyycPwACMhxepspUHi8GhvfNlL2cQo3sPMod1uib+KZ0w==",
      "license": "Apache-2.0",
      "dependencies": {
        "@smithy/types": "^4.15.0",
        "tslib": "^2.6.2"
      },
      "engines": {
        "node": ">=20.0.0"
      }
    },
    "node_modules/@aws/lambda-invoke-store": {
      "version": "0.2.4",
      "resolved": "https://registry.npmjs.org/@aws/lambda-invoke-store/-/lambda-invoke-store-0.2.4.tgz",
      "integrity": "sha512-iY8yvjE0y651BixKNPgmv1WrQc+GZ142sb0z4gYnChDDY2YqI4P/jsSopBWrKfAt7LOJAkOXt7rC/hms+WclQQ==",
      "license": "Apache-2.0",
      "engines": {
        "node": ">=18.0.0"
      }
    },
    "node_modules/@colors/colors": {
      "version": "1.6.0",
      "resolved": "https://registry.npmjs.org/@colors/colors/-/colors-1.6.0.tgz",
      "integrity": "sha512-Ir+AOibqzrIsL6ajt3Rz3LskB7OiMVHqltZmspbW/TJuTVuyOMirVqAkjfY6JISiLHgyNqicAC8AyHHGzNd/dA==",
      "license": "MIT",
      "engines": {
        "node": ">=0.1.90"
      }
    },
    "node_modules/@dabh/diagnostics": {
      "version": "2.0.8",
      "resolved": "https://registry.npmjs.org/@dabh/diagnostics/-/diagnostics-2.0.8.tgz",
      "integrity": "sha512-R4MSXTVnuMzGD7bzHdW2ZhhdPC/igELENcq5IjEverBvq5hn1SXCWcsi6eSsdWP0/Ur+SItRRjAktmdoX/8R/Q==",
      "license": "MIT",
      "dependencies": {
        "@so-ric/colorspace": "^1.1.6",
        "enabled": "2.0.x",
        "kuler": "^2.0.0"
      }
    },
    "node_modules/@hapi/hoek": {
      "version": "9.3.0",
      "resolved": "https://registry.npmjs.org/@hapi/hoek/-/hoek-9.3.0.tgz",
      "integrity": "sha512-/c6rf4UJlmHlC9b5BaNvzAcFv7HZ2QHaV0D4/HNlBdvFnvQq8RI4kYdhyPCl7Xj+oWvTWQ8ujhqS53LIgAe6KQ==",
      "license": "BSD-3-Clause"
    },
    "node_modules/@hapi/topo": {
      "version": "5.1.0",
      "resolved": "https://registry.npmjs.org/@hapi/topo/-/topo-5.1.0.tgz",
      "integrity": "sha512-foQZKJig7Ob0BMAYBfcJk8d77QtOe7Wo4ox7ff1lQYoNNAb6jwcY1ncdoy2e9wQZzvNy7ODZCYJkK8kzmcAnAg==",
      "license": "BSD-3-Clause",
      "dependencies": {
        "@hapi/hoek": "^9.0.0"
      }
    },
    "node_modules/@sideway/address": {
      "version": "4.1.5",
      "resolved": "https://registry.npmjs.org/@sideway/address/-/address-4.1.5.tgz",
      "integrity": "sha512-IqO/DUQHUkPeixNQ8n0JA6102hT9CmaljNTPmQ1u8MEhBo/R4Q8eKLN/vGZxuebwOroDB4cbpjheD4+/sKFK4Q==",
      "license": "BSD-3-Clause",
      "dependencies": {
        "@hapi/hoek": "^9.0.0"
      }
    },
    "node_modules/@sideway/formula": {
      "version": "3.0.1",
      "resolved": "https://registry.npmjs.org/@sideway/formula/-/formula-3.0.1.tgz",
      "integrity": "sha512-/poHZJJVjx3L+zVD6g9KgHfYnb443oi7wLu/XKojDviHy6HOEOA6z1Trk5aR1dGcmPenJEgb2sK2I80LeS3MIg==",
      "license": "BSD-3-Clause"
    },
    "node_modules/@sideway/pinpoint": {
      "version": "2.0.0",
      "resolved": "https://registry.npmjs.org/@sideway/pinpoint/-/pinpoint-2.0.0.tgz",
      "integrity": "sha512-RNiOoTPkptFtSVzQevY/yWtZwf/RxyVnPy/OcA9HBM3MlGDnBEYL5B41H0MTn0Uec8Hi+2qUtTfG2WWZBmMejQ==",
      "license": "BSD-3-Clause"
    },
    "node_modules/@smithy/core": {
      "version": "3.28.0",
      "resolved": "https://registry.npmjs.org/@smithy/core/-/core-3.28.0.tgz",
      "integrity": "sha512-N/LoLG8pZ1zv5cIWpdF6vmSjtZtXKK9G0OqT5yYCOZU+CzPq1+nYA95VoKJBGWRScs7YbMugZ7lZx8Fj1vdHoA==",
      "license": "Apache-2.0",
      "dependencies": {
        "@smithy/types": "^4.15.0",
        "tslib": "^2.6.2"
      },
      "engines": {
        "node": ">=18.0.0"
      }
    },
    "node_modules/@smithy/credential-provider-imds": {
      "version": "4.4.4",
      "resolved": "https://registry.npmjs.org/@smithy/credential-provider-imds/-/credential-provider-imds-4.4.4.tgz",
      "integrity": "sha512-jT0WrDaM88L5na9FX1xRNywCS3B1n75wPY5Ksasjo0PHUtuI7d8FclksN1BbOSYTiaiKxUDqU23nUymH/V+AaQ==",
      "license": "Apache-2.0",
      "dependencies": {
        "@smithy/core": "^3.28.0",
        "@smithy/types": "^4.15.0",
        "tslib": "^2.6.2"
      },
      "engines": {
        "node": ">=18.0.0"
      }
    },
    "node_modules/@smithy/fetch-http-handler": {
      "version": "5.6.1",
      "resolved": "https://registry.npmjs.org/@smithy/fetch-http-handler/-/fetch-http-handler-5.6.1.tgz",
      "integrity": "sha512-fW6l9rWoyk1iyzfuZaERnZLNjB6WIojgGm6Bo9Hpfpy3RUpltjLikNlxTsS/YtxVobcfbCGBuAncREYqT4hvqQ==",
      "license": "Apache-2.0",
      "dependencies": {
        "@smithy/core": "^3.28.0",
        "@smithy/types": "^4.15.0",
        "tslib": "^2.6.2"
      },
      "engines": {
        "node": ">=18.0.0"
      }
    },
    "node_modules/@smithy/node-http-handler": {
      "version": "4.9.1",
      "resolved": "https://registry.npmjs.org/@smithy/node-http-handler/-/node-http-handler-4.9.1.tgz",
      "integrity": "sha512-m/f15di58P6NtLQ7eVEb5N19NdJWn+4c7zfkFHMT/i3JH7U8UtknpPoy8o2tm2R3OdliYvsvQhZHIfACQDqT+Q==",
      "license": "Apache-2.0",
      "dependencies": {
        "@smithy/core": "^3.28.0",
        "@smithy/types": "^4.15.0",
        "tslib": "^2.6.2"
      },
      "engines": {
        "node": ">=18.0.0"
      }
    },
    "node_modules/@smithy/signature-v4": {
      "version": "5.6.0",
      "resolved": "https://registry.npmjs.org/@smithy/signature-v4/-/signature-v4-5.6.0.tgz",
      "integrity": "sha512-IkPHQdbyoebSwBCuMTzJ/2oIhKVqiZZAZxQYSlpDZqq/WhJUpmdgbHvP7ItddxsPzcDUJeI0V4PNMSNtlZ0aqA==",
      "license": "Apache-2.0",
      "dependencies": {
        "@smithy/core": "^3.28.0",
        "@smithy/types": "^4.15.0",
        "tslib": "^2.6.2"
      },
      "engines": {
        "node": ">=18.0.0"
      }
    },
    "node_modules/@smithy/types": {
      "version": "4.15.0",
      "resolved": "https://registry.npmjs.org/@smithy/types/-/types-4.15.0.tgz",
      "integrity": "sha512-Z5TAOxygoFvybJV3igo5SloFflSokHx2hu1eFA+DxDTcn+FtKxUSui+rbTRG1pAafMA888Z3MVvCWUuvCrTXjg==",
      "license": "Apache-2.0",
      "dependencies": {
        "tslib": "^2.6.2"
      },
      "engines": {
        "node": ">=18.0.0"
      }
    },
    "node_modules/@so-ric/colorspace": {
      "version": "1.1.6",
      "resolved": "https://registry.npmjs.org/@so-ric/colorspace/-/colorspace-1.1.6.tgz",
      "integrity": "sha512-/KiKkpHNOBgkFJwu9sh48LkHSMYGyuTcSFK/qMBdnOAlrRJzRSXAOFB5qwzaVQuDl8wAvHVMkaASQDReTahxuw==",
      "license": "MIT",
      "dependencies": {
        "color": "^5.0.2",
        "text-hex": "1.0.x"
      }
    },
    "node_modules/@types/triple-beam": {
      "version": "1.3.5",
      "resolved": "https://registry.npmjs.org/@types/triple-beam/-/triple-beam-1.3.5.tgz",
      "integrity": "sha512-6WaYesThRMCl19iryMYP7/x2OVgCtbIVflDGFpWnb9irXI3UjYE4AzmYuiUKY1AJstGijoY+MgUszMgRxIYTYw==",
      "license": "MIT"
    },
    "node_modules/async": {
      "version": "3.2.6",
      "resolved": "https://registry.npmjs.org/async/-/async-3.2.6.tgz",
      "integrity": "sha512-htCUDlxyyCLMgaM3xXg0C0LW2xqfuQ6p05pCEIsXuyQ+a1koYKTuBMzRNwmybfLgvJDMd0r1LTn4+E0Ti6C2AA==",
      "license": "MIT"
    },
    "node_modules/bowser": {
      "version": "2.14.1",
      "resolved": "https://registry.npmjs.org/bowser/-/bowser-2.14.1.tgz",
      "integrity": "sha512-tzPjzCxygAKWFOJP011oxFHs57HzIhOEracIgAePE4pqB3LikALKnSzUyU4MGs9/iCEUuHlAJTjTc5M+u7YEGg==",
      "license": "MIT"
    },
    "node_modules/color": {
      "version": "5.0.3",
      "resolved": "https://registry.npmjs.org/color/-/color-5.0.3.tgz",
      "integrity": "sha512-ezmVcLR3xAVp8kYOm4GS45ZLLgIE6SPAFoduLr6hTDajwb3KZ2F46gulK3XpcwRFb5KKGCSezCBAY4Dw4HsyXA==",
      "license": "MIT",
      "dependencies": {
        "color-convert": "^3.1.3",
        "color-string": "^2.1.3"
      },
      "engines": {
        "node": ">=18"
      }
    },
    "node_modules/color-convert": {
      "version": "3.1.3",
      "resolved": "https://registry.npmjs.org/color-convert/-/color-convert-3.1.3.tgz",
      "integrity": "sha512-fasDH2ont2GqF5HpyO4w0+BcewlhHEZOFn9c1ckZdHpJ56Qb7MHhH/IcJZbBGgvdtwdwNbLvxiBEdg336iA9Sg==",
      "license": "MIT",
      "dependencies": {
        "color-name": "^2.0.0"
      },
      "engines": {
        "node": ">=14.6"
      }
    },
    "node_modules/color-name": {
      "version": "2.1.0",
      "resolved": "https://registry.npmjs.org/color-name/-/color-name-2.1.0.tgz",
      "integrity": "sha512-1bPaDNFm0axzE4MEAzKPuqKWeRaT43U/hyxKPBdqTfmPF+d6n7FSoTFxLVULUJOmiLp01KjhIPPH+HrXZJN4Rg==",
      "license": "MIT",
      "engines": {
        "node": ">=12.20"
      }
    },
    "node_modules/color-string": {
      "version": "2.1.4",
      "resolved": "https://registry.npmjs.org/color-string/-/color-string-2.1.4.tgz",
      "integrity": "sha512-Bb6Cq8oq0IjDOe8wJmi4JeNn763Xs9cfrBcaylK1tPypWzyoy2G3l90v9k64kjphl/ZJjPIShFztenRomi8WTg==",
      "license": "MIT",
      "dependencies": {
        "color-name": "^2.0.0"
      },
      "engines": {
        "node": ">=18"
      }
    },
    "node_modules/dotenv": {
      "version": "16.6.1",
      "resolved": "https://registry.npmjs.org/dotenv/-/dotenv-16.6.1.tgz",
      "integrity": "sha512-uBq4egWHTcTt33a72vpSG0z3HnPuIl6NqYcTrKEg2azoEyl2hpW0zqlxysq2pK9HlDIHyHyakeYaYnSAwd8bow==",
      "license": "BSD-2-Clause",
      "engines": {
        "node": ">=12"
      },
      "funding": {
        "url": "https://dotenvx.com"
      }
    },
    "node_modules/enabled": {
      "version": "2.0.0",
      "resolved": "https://registry.npmjs.org/enabled/-/enabled-2.0.0.tgz",
      "integrity": "sha512-AKrN98kuwOzMIdAizXGI86UFBoo26CL21UM763y1h/GMSJ4/OHU9k2YlsmBpyScFo/wbLzWQJBMCW4+IO3/+OQ==",
      "license": "MIT"
    },
    "node_modules/fecha": {
      "version": "4.2.3",
      "resolved": "https://registry.npmjs.org/fecha/-/fecha-4.2.3.tgz",
      "integrity": "sha512-OP2IUU6HeYKJi3i0z4A19kHMQoLVs4Hc+DPqqxI2h/DPZHTm/vjsfC6P0b4jCMy14XizLBqvndQ+UilD7707Jw==",
      "license": "MIT"
    },
    "node_modules/fn.name": {
      "version": "1.1.0",
      "resolved": "https://registry.npmjs.org/fn.name/-/fn.name-1.1.0.tgz",
      "integrity": "sha512-GRnmB5gPyJpAhTQdSZTSp9uaPSvl09KoYcMQtsB9rQoOmzs9dH6ffeccH+Z+cv6P68Hu5bC6JjRh4Ah/mHSNRw==",
      "license": "MIT"
    },
    "node_modules/inherits": {
      "version": "2.0.4",
      "resolved": "https://registry.npmjs.org/inherits/-/inherits-2.0.4.tgz",
      "integrity": "sha512-k/vGaX4/Yla3WzyMCvTQOXYeIHvqOKtnqBduzTHpzpQZzAskKMhZ2K+EnBiSM9zGSoIFeMpXKxa4dYeZIQqewQ==",
      "license": "ISC"
    },
    "node_modules/is-stream": {
      "version": "2.0.1",
      "resolved": "https://registry.npmjs.org/is-stream/-/is-stream-2.0.1.tgz",
      "integrity": "sha512-hFoiJiTl63nn+kstHGBtewWSKnQLpyb155KHheA1l39uvtO9nWIop1p3udqPcUd/xbF1VLMO4n7OI6p7RbngDg==",
      "license": "MIT",
      "engines": {
        "node": ">=8"
      },
      "funding": {
        "url": "https://github.com/sponsors/sindresorhus"
      }
    },
    "node_modules/joi": {
      "version": "17.13.4",
      "resolved": "https://registry.npmjs.org/joi/-/joi-17.13.4.tgz",
      "integrity": "sha512-1RuuER6kmt8K8I3nIWvPZKi5RQCb568ZPyY4Pwjlua+yo+63ZTmIwxLZH0heBmiKN4uxjvCiarDrjaeH84xicQ==",
      "license": "BSD-3-Clause",
      "dependencies": {
        "@hapi/hoek": "^9.3.0",
        "@hapi/topo": "^5.1.0",
        "@sideway/address": "^4.1.5",
        "@sideway/formula": "^3.0.1",
        "@sideway/pinpoint": "^2.0.0"
      }
    },
    "node_modules/kuler": {
      "version": "2.0.0",
      "resolved": "https://registry.npmjs.org/kuler/-/kuler-2.0.0.tgz",
      "integrity": "sha512-Xq9nH7KlWZmXAtodXDDRE7vs6DU1gTU8zYDHDiWLSip45Egwq3plLHzPn27NgvzL2r1LMPC1vdqh98sQxtqj4A==",
      "license": "MIT"
    },
    "node_modules/logform": {
      "version": "2.7.0",
      "resolved": "https://registry.npmjs.org/logform/-/logform-2.7.0.tgz",
      "integrity": "sha512-TFYA4jnP7PVbmlBIfhlSe+WKxs9dklXMTEGcBCIvLhE/Tn3H6Gk1norupVW7m5Cnd4bLcr08AytbyV/xj7f/kQ==",
      "license": "MIT",
      "dependencies": {
        "@colors/colors": "1.6.0",
        "@types/triple-beam": "^1.3.2",
        "fecha": "^4.2.0",
        "ms": "^2.1.1",
        "safe-stable-stringify": "^2.3.1",
        "triple-beam": "^1.3.0"
      },
      "engines": {
        "node": ">= 12.0.0"
      }
    },
    "node_modules/mnemonist": {
      "version": "0.38.3",
      "resolved": "https://registry.npmjs.org/mnemonist/-/mnemonist-0.38.3.tgz",
      "integrity": "sha512-2K9QYubXx/NAjv4VLq1d1Ly8pWNC5L3BrixtdkyTegXWJIqY+zLNDhhX/A+ZwWt70tB1S8H4BE8FLYEFyNoOBw==",
      "license": "MIT",
      "dependencies": {
        "obliterator": "^1.6.1"
      }
    },
    "node_modules/ms": {
      "version": "2.1.3",
      "resolved": "https://registry.npmjs.org/ms/-/ms-2.1.3.tgz",
      "integrity": "sha512-6FlzubTLZG3J2a/NVCAleEhjzq5oxgHyaCU9yYXvcLsvoVaHJq/s5xXI6/XXP6tz7R9xAOtHnSO/tXtF3WRTlA==",
      "license": "MIT"
    },
    "node_modules/obliterator": {
      "version": "1.6.1",
      "resolved": "https://registry.npmjs.org/obliterator/-/obliterator-1.6.1.tgz",
      "integrity": "sha512-9WXswnqINnnhOG/5SLimUlzuU1hFJUc8zkwyD59Sd+dPOMf05PmnYG/d6Q7HZ+KmgkZJa1PxRso6QdM3sTNHig==",
      "license": "MIT"
    },
    "node_modules/one-time": {
      "version": "1.0.0",
      "resolved": "https://registry.npmjs.org/one-time/-/one-time-1.0.0.tgz",
      "integrity": "sha512-5DXOiRKwuSEcQ/l0kGCF6Q3jcADFv5tSmRaJck/OqkVFcOzutB134KRSfF0xDrL39MNnqxbHBbUUcjZIhTgb2g==",
      "license": "MIT",
      "dependencies": {
        "fn.name": "1.x.x"
      }
    },
    "node_modules/readable-stream": {
      "version": "3.6.2",
      "resolved": "https://registry.npmjs.org/readable-stream/-/readable-stream-3.6.2.tgz",
      "integrity": "sha512-9u/sniCrY3D5WdsERHzHE4G2YCXqoG5FTHUiCC4SIbr6XcLZBY05ya9EKjYek9O5xOAwjGq+1JdGBAS7Q9ScoA==",
      "license": "MIT",
      "dependencies": {
        "inherits": "^2.0.3",
        "string_decoder": "^1.1.1",
        "util-deprecate": "^1.0.1"
      },
      "engines": {
        "node": ">= 6"
      }
    },
    "node_modules/safe-buffer": {
      "version": "5.2.1",
      "resolved": "https://registry.npmjs.org/safe-buffer/-/safe-buffer-5.2.1.tgz",
      "integrity": "sha512-rp3So07KcdmmKbGvgaNxQSJr7bGVSVk5S9Eq1F+ppbRo70+YeaDxkw5Dd8NPN+GD6bjnYm2VuPuCXmpuYvmCXQ==",
      "funding": [
        {
          "type": "github",
          "url": "https://github.com/sponsors/feross"
        },
        {
          "type": "patreon",
          "url": "https://www.patreon.com/feross"
        },
        {
          "type": "consulting",
          "url": "https://feross.org/support"
        }
      ],
      "license": "MIT"
    },
    "node_modules/safe-stable-stringify": {
      "version": "2.5.0",
      "resolved": "https://registry.npmjs.org/safe-stable-stringify/-/safe-stable-stringify-2.5.0.tgz",
      "integrity": "sha512-b3rppTKm9T+PsVCBEOUR46GWI7fdOs00VKZ1+9c1EWDaDMvjQc6tUwuFyIprgGgTcWoVHSKrU8H31ZHA2e0RHA==",
      "license": "MIT",
      "engines": {
        "node": ">=10"
      }
    },
    "node_modules/stack-trace": {
      "version": "0.0.10",
      "resolved": "https://registry.npmjs.org/stack-trace/-/stack-trace-0.0.10.tgz",
      "integrity": "sha512-KGzahc7puUKkzyMt+IqAep+TVNbKP+k2Lmwhub39m1AsTSkaDutx56aDCo+HLDzf/D26BIHTJWNiTG1KAJiQCg==",
      "license": "MIT",
      "engines": {
        "node": "*"
      }
    },
    "node_modules/string_decoder": {
      "version": "1.3.0",
      "resolved": "https://registry.npmjs.org/string_decoder/-/string_decoder-1.3.0.tgz",
      "integrity": "sha512-hkRX8U1WjJFd8LsDJ2yQ/wWWxaopEsABU1XfkM8A+j0+85JAGppt16cr1Whg6KIbb4okU6Mql6BOj+uup/wKeA==",
      "license": "MIT",
      "dependencies": {
        "safe-buffer": "~5.2.0"
      }
    },
    "node_modules/text-hex": {
      "version": "1.0.0",
      "resolved": "https://registry.npmjs.org/text-hex/-/text-hex-1.0.0.tgz",
      "integrity": "sha512-uuVGNWzgJ4yhRaNSiubPY7OjISw4sw4E5Uv0wbjp+OzcbmVU/rsT8ujgcXJhn9ypzsgr5vlzpPqP+MBBKcGvbg==",
      "license": "MIT"
    },
    "node_modules/triple-beam": {
      "version": "1.4.1",
      "resolved": "https://registry.npmjs.org/triple-beam/-/triple-beam-1.4.1.tgz",
      "integrity": "sha512-aZbgViZrg1QNcG+LULa7nhZpJTZSLm/mXnHXnbAbjmN5aSa0y7V+wvv6+4WaBtpISJzThKy+PIPxc1Nq1EJ9mg==",
      "license": "MIT",
      "engines": {
        "node": ">= 14.0.0"
      }
    },
    "node_modules/tslib": {
      "version": "2.8.1",
      "resolved": "https://registry.npmjs.org/tslib/-/tslib-2.8.1.tgz",
      "integrity": "sha512-oJFu94HQb+KVduSUQL7wnpmqnfmLsOA/nAh6b6EH0wCEoK0/mPeXU6c3wKDV83MkOuHPRHtSXKKU99IBazS/2w==",
      "license": "0BSD"
    },
    "node_modules/util-deprecate": {
      "version": "1.0.2",
      "resolved": "https://registry.npmjs.org/util-deprecate/-/util-deprecate-1.0.2.tgz",
      "integrity": "sha512-EPD5q1uXyFxJpCrLnCc1nHnq3gOa6DZBocAIiI2TaSCA7VCJ1UJDMagCzIkXNsUYfD1daK//LTEQ8xiIbrHtcw==",
      "license": "MIT"
    },
    "node_modules/uuid": {
      "version": "11.1.1",
      "resolved": "https://registry.npmjs.org/uuid/-/uuid-11.1.1.tgz",
      "integrity": "sha512-vIYxrBCC/N/K+Js3qSN88go7kIfNPssr/hHCesKCQNAjmgvYS2oqr69kIufEG+O4+PfezOH4EbIeHCfFov8ZgQ==",
      "funding": [
        "https://github.com/sponsors/broofa",
        "https://github.com/sponsors/ctavan"
      ],
      "license": "MIT",
      "bin": {
        "uuid": "dist/esm/bin/uuid"
      }
    },
    "node_modules/winston": {
      "version": "3.19.0",
      "resolved": "https://registry.npmjs.org/winston/-/winston-3.19.0.tgz",
      "integrity": "sha512-LZNJgPzfKR+/J3cHkxcpHKpKKvGfDZVPS4hfJCc4cCG0CgYzvlD6yE/S3CIL/Yt91ak327YCpiF/0MyeZHEHKA==",
      "license": "MIT",
      "dependencies": {
        "@colors/colors": "^1.6.0",
        "@dabh/diagnostics": "^2.0.8",
        "async": "^3.2.3",
        "is-stream": "^2.0.0",
        "logform": "^2.7.0",
        "one-time": "^1.0.0",
        "readable-stream": "^3.4.0",
        "safe-stable-stringify": "^2.3.1",
        "stack-trace": "0.0.x",
        "triple-beam": "^1.3.0",
        "winston-transport": "^4.9.0"
      },
      "engines": {
        "node": ">= 12.0.0"
      }
    },
    "node_modules/winston-transport": {
      "version": "4.9.0",
      "resolved": "https://registry.npmjs.org/winston-transport/-/winston-transport-4.9.0.tgz",
      "integrity": "sha512-8drMJ4rkgaPo1Me4zD/3WLfI/zPdA9o2IipKODunnGDcuqbHwjsbB79ylv04LCGGzU0xQ6vTznOMpQGaLhhm6A==",
      "license": "MIT",
      "dependencies": {
        "logform": "^2.7.0",
        "readable-stream": "^3.6.2",
        "triple-beam": "^1.3.0"
      },
      "engines": {
        "node": ">= 12.0.0"
      }
    }
  }
}
